
Microsoft Visual Studio Solution File, Format Version 12.00
# Visual Studio 15
VisualStudioVersion = 15.0.27703.2035
MinimumVisualStudioVersion = 10.0.40219.1
Project("{FAE04EC0-301F-11D3-BF4B-00C04F79EFBC}") = "Fiap05.Web.MVC", "Fiap05.Web.MVC\Fiap05.Web.MVC.csproj", "{BC631965-1C20-4F14-9962-E3BB16914674}"
EndProject
Global
	GlobalSection(SolutionConfigurationPlatforms) = preSolution
		Debug|Any CPU = Debug|Any CPU
		Release|Any CPU = Release|Any CPU
	EndGlobalSection
	GlobalSection(ProjectConfigurationPlatforms) = postSolution
		{BC631965-1C20-4F14-9962-E3BB16914674}.Debug|Any CPU.ActiveCfg = Debug|Any CPU
		{BC631965-1C20-4F14-9962-E3BB16914674}.Debug|Any CPU.Build.0 = Debug|Any CPU
		{BC631965-1C20-4F14-9962-E3BB16914674}.Release|Any CPU.ActiveCfg = Release|Any CPU
		{BC631965-1C20-4F14-9962-E3BB16914674}.Release|Any CPU.Build.0 = Release|Any CPU
	EndGlobalSection
	GlobalSection(SolutionProperties) = preSolution
		HideSolutionNode = FALSE
	EndGlobalSection
	GlobalSection(ExtensibilityGlobals) = postSolution
		SolutionGuid = {1278C571-1F72-4B33-A03B-0FD1BDE79923}
	EndGlobalSection
EndGlobal
