
Microsoft Visual Studio Solution File, Format Version 12.00
# Visual Studio 15
VisualStudioVersion = 15.0.27703.2035
MinimumVisualStudioVersion = 10.0.40219.1
Project("{FAE04EC0-301F-11D3-BF4B-00C04F79EFBC}") = "Fiap06.Web.MVC", "Fiap06.Web.MVC\Fiap06.Web.MVC.csproj", "{DF51F3F8-D877-49B2-90B2-9E7E6D368482}"
EndProject
Global
	GlobalSection(SolutionConfigurationPlatforms) = preSolution
		Debug|Any CPU = Debug|Any CPU
		Release|Any CPU = Release|Any CPU
	EndGlobalSection
	GlobalSection(ProjectConfigurationPlatforms) = postSolution
		{DF51F3F8-D877-49B2-90B2-9E7E6D368482}.Debug|Any CPU.ActiveCfg = Debug|Any CPU
		{DF51F3F8-D877-49B2-90B2-9E7E6D368482}.Debug|Any CPU.Build.0 = Debug|Any CPU
		{DF51F3F8-D877-49B2-90B2-9E7E6D368482}.Release|Any CPU.ActiveCfg = Release|Any CPU
		{DF51F3F8-D877-49B2-90B2-9E7E6D368482}.Release|Any CPU.Build.0 = Release|Any CPU
	EndGlobalSection
	GlobalSection(SolutionProperties) = preSolution
		HideSolutionNode = FALSE
	EndGlobalSection
	GlobalSection(ExtensibilityGlobals) = postSolution
		SolutionGuid = {0664E1FC-413B-4525-8CD5-3ECC895A2F4D}
	EndGlobalSection
EndGlobal
