
Microsoft Visual Studio Solution File, Format Version 12.00
# Visual Studio 15
VisualStudioVersion = 15.0.27703.2035
MinimumVisualStudioVersion = 10.0.40219.1
Project("{FAE04EC0-301F-11D3-BF4B-00C04F79EFBC}") = "Fiap.HelloWorld.UI", "Fiap.HelloWorld.UI\Fiap.HelloWorld.UI.csproj", "{04DF6936-307B-46E5-AFCB-981F348F1309}"
EndProject
Project("{FAE04EC0-301F-11D3-BF4B-00C04F79EFBC}") = "Fiap.Exercicio01.UI", "Fiap.Exercicio01.UI\Fiap.Exercicio01.UI.csproj", "{7A743914-ED60-4CD9-81BE-591262EEDC57}"
EndProject
Global
	GlobalSection(SolutionConfigurationPlatforms) = preSolution
		Debug|Any CPU = Debug|Any CPU
		Release|Any CPU = Release|Any CPU
	EndGlobalSection
	GlobalSection(ProjectConfigurationPlatforms) = postSolution
		{04DF6936-307B-46E5-AFCB-981F348F1309}.Debug|Any CPU.ActiveCfg = Debug|Any CPU
		{04DF6936-307B-46E5-AFCB-981F348F1309}.Debug|Any CPU.Build.0 = Debug|Any CPU
		{04DF6936-307B-46E5-AFCB-981F348F1309}.Release|Any CPU.ActiveCfg = Release|Any CPU
		{04DF6936-307B-46E5-AFCB-981F348F1309}.Release|Any CPU.Build.0 = Release|Any CPU
		{7A743914-ED60-4CD9-81BE-591262EEDC57}.Debug|Any CPU.ActiveCfg = Debug|Any CPU
		{7A743914-ED60-4CD9-81BE-591262EEDC57}.Debug|Any CPU.Build.0 = Debug|Any CPU
		{7A743914-ED60-4CD9-81BE-591262EEDC57}.Release|Any CPU.ActiveCfg = Release|Any CPU
		{7A743914-ED60-4CD9-81BE-591262EEDC57}.Release|Any CPU.Build.0 = Release|Any CPU
	EndGlobalSection
	GlobalSection(SolutionProperties) = preSolution
		HideSolutionNode = FALSE
	EndGlobalSection
	GlobalSection(ExtensibilityGlobals) = postSolution
		SolutionGuid = {C94DBA0A-7DB0-4781-9621-5E89202873F2}
	EndGlobalSection
EndGlobal
